
Microsoft Visual Studio Solution File, Format Version 12.00
# Visual Studio Version 17
VisualStudioVersion = 17.0.31903.59
MinimumVisualStudioVersion = 10.0.40219.1
Project("{FAE04EC0-301F-11D3-BF4B-00C04F79EFBC}") = "ProductWebApp", "ProductWebApp\ProductWebApp.csproj", "{5F083089-A268-41AB-A02D-CBCC694DF4A4}"
EndProject
Project("{FAE04EC0-301F-11D3-BF4B-00C04F79EFBC}") = "HeatBalance.Math", "HeatBalance.Math\HeatBalance.Math.csproj", "{E638996C-AD5E-4127-A127-D1A25453763E}"
EndProject
Project("{FAE04EC0-301F-11D3-BF4B-00C04F79EFBC}") = "HeatBalance.Math.Tests", "HeatBalance.Math.Tests\HeatBalance.Math.Tests.csproj", "{39AE1F34-EA6E-4350-9E43-FF61F1C39261}"
EndProject
Project("{2150E333-8FDC-42A3-9474-1A3956D46DE8}") = "src", "src", "{827E0CD3-B72D-47B6-A68D-7590B98EB39B}"
EndProject
Project("{2150E333-8FDC-42A3-9474-1A3956D46DE8}") = "Shared", "Shared", "{C8E42992-5E42-0C2B-DBFE-AA848D06431C}"
EndProject
Project("{FAE04EC0-301F-11D3-BF4B-00C04F79EFBC}") = "HeatBalance.Contracts", "src\Shared\HeatBalance.Contracts\HeatBalance.Contracts.csproj", "{B0971DE0-A83A-438F-8D03-FF92218F8DDC}"
EndProject
Project("{FAE04EC0-301F-11D3-BF4B-00C04F79EFBC}") = "HeatBalance.ServiceDefaults", "src\Shared\HeatBalance.ServiceDefaults\HeatBalance.ServiceDefaults.csproj", "{32EF671D-0D0D-4B6B-A748-136960809289}"
EndProject
Project("{FAE04EC0-301F-11D3-BF4B-00C04F79EFBC}") = "HeatBalance.Auth", "src\Auth\HeatBalance.Auth\HeatBalance.Auth.csproj", "{2F2FFDCA-534D-4A8E-B658-4CD8EE639BFA}"
EndProject
Project("{FAE04EC0-301F-11D3-BF4B-00C04F79EFBC}") = "HeatBalance.Gateway", "src\Gateway\HeatBalance.Gateway\HeatBalance.Gateway.csproj", "{2CE81FDD-4B4F-461F-853B-701AD6FA70EC}"
EndProject
Project("{FAE04EC0-301F-11D3-BF4B-00C04F79EFBC}") = "HeatBalance.DatasetService", "src\Services\HeatBalance.DatasetService\HeatBalance.DatasetService.csproj", "{35AB3355-D058-4A8C-A115-FD7A1660BC99}"
EndProject
Project("{FAE04EC0-301F-11D3-BF4B-00C04F79EFBC}") = "HeatBalance.RunService", "src\Services\HeatBalance.RunService\HeatBalance.RunService.csproj", "{428D336E-F479-4955-931C-A37BF6950844}"
EndProject
Project("{FAE04EC0-301F-11D3-BF4B-00C04F79EFBC}") = "HeatBalance.ReportService", "src\Services\HeatBalance.ReportService\HeatBalance.ReportService.csproj", "{A2C31F0C-12E3-40ED-BEC3-D0782211E364}"
EndProject
Project("{FAE04EC0-301F-11D3-BF4B-00C04F79EFBC}") = "HeatBalance.ConveyorKilnService", "src\Services\HeatBalance.ConveyorKilnService\HeatBalance.ConveyorKilnService.csproj", "{93CDCAC6-FB6E-4BAA-A7BF-7AC3399F6574}"
EndProject
Project("{FAE04EC0-301F-11D3-BF4B-00C04F79EFBC}") = "HeatBalance.ChamberKilnService", "src\Services\HeatBalance.ChamberKilnService\HeatBalance.ChamberKilnService.csproj", "{85563551-5737-4A1D-B854-B334DB0A703E}"
EndProject
Project("{FAE04EC0-301F-11D3-BF4B-00C04F79EFBC}") = "HeatBalance.ElectricKilnService", "src\Services\HeatBalance.ElectricKilnService\HeatBalance.ElectricKilnService.csproj", "{1DF36E32-42CC-40F7-AD6B-611C26B04377}"
EndProject
Project("{FAE04EC0-301F-11D3-BF4B-00C04F79EFBC}") = "HeatBalance.DrumDryerService", "src\Services\HeatBalance.DrumDryerService\HeatBalance.DrumDryerService.csproj", "{C10C3C62-1EC0-41DE-A297-DCA1BA4E5024}"
EndProject
Global
	GlobalSection(SolutionConfigurationPlatforms) = preSolution
		Debug|Any CPU = Debug|Any CPU
		Debug|x64 = Debug|x64
		Debug|x86 = Debug|x86
		Release|Any CPU = Release|Any CPU
		Release|x64 = Release|x64
		Release|x86 = Release|x86
	EndGlobalSection
	GlobalSection(ProjectConfigurationPlatforms) = postSolution
		{5F083089-A268-41AB-A02D-CBCC694DF4A4}.Debug|Any CPU.ActiveCfg = Debug|Any CPU
		{5F083089-A268-41AB-A02D-CBCC694DF4A4}.Debug|Any CPU.Build.0 = Debug|Any CPU
		{5F083089-A268-41AB-A02D-CBCC694DF4A4}.Debug|x64.ActiveCfg = Debug|Any CPU
		{5F083089-A268-41AB-A02D-CBCC694DF4A4}.Debug|x64.Build.0 = Debug|Any CPU
		{5F083089-A268-41AB-A02D-CBCC694DF4A4}.Debug|x86.ActiveCfg = Debug|Any CPU
		{5F083089-A268-41AB-A02D-CBCC694DF4A4}.Debug|x86.Build.0 = Debug|Any CPU
		{5F083089-A268-41AB-A02D-CBCC694DF4A4}.Release|Any CPU.ActiveCfg = Release|Any CPU
		{5F083089-A268-41AB-A02D-CBCC694DF4A4}.Release|Any CPU.Build.0 = Release|Any CPU
		{5F083089-A268-41AB-A02D-CBCC694DF4A4}.Release|x64.ActiveCfg = Release|Any CPU
		{5F083089-A268-41AB-A02D-CBCC694DF4A4}.Release|x64.Build.0 = Release|Any CPU
		{5F083089-A268-41AB-A02D-CBCC694DF4A4}.Release|x86.ActiveCfg = Release|Any CPU
		{5F083089-A268-41AB-A02D-CBCC694DF4A4}.Release|x86.Build.0 = Release|Any CPU
		{E638996C-AD5E-4127-A127-D1A25453763E}.Debug|Any CPU.ActiveCfg = Debug|Any CPU
		{E638996C-AD5E-4127-A127-D1A25453763E}.Debug|Any CPU.Build.0 = Debug|Any CPU
		{E638996C-AD5E-4127-A127-D1A25453763E}.Debug|x64.ActiveCfg = Debug|Any CPU
		{E638996C-AD5E-4127-A127-D1A25453763E}.Debug|x64.Build.0 = Debug|Any CPU
		{E638996C-AD5E-4127-A127-D1A25453763E}.Debug|x86.ActiveCfg = Debug|Any CPU
		{E638996C-AD5E-4127-A127-D1A25453763E}.Debug|x86.Build.0 = Debug|Any CPU
		{E638996C-AD5E-4127-A127-D1A25453763E}.Release|Any CPU.ActiveCfg = Release|Any CPU
		{E638996C-AD5E-4127-A127-D1A25453763E}.Release|Any CPU.Build.0 = Release|Any CPU
		{E638996C-AD5E-4127-A127-D1A25453763E}.Release|x64.ActiveCfg = Release|Any CPU
		{E638996C-AD5E-4127-A127-D1A25453763E}.Release|x64.Build.0 = Release|Any CPU
		{E638996C-AD5E-4127-A127-D1A25453763E}.Release|x86.ActiveCfg = Release|Any CPU
		{E638996C-AD5E-4127-A127-D1A25453763E}.Release|x86.Build.0 = Release|Any CPU
		{39AE1F34-EA6E-4350-9E43-FF61F1C39261}.Debug|Any CPU.ActiveCfg = Debug|Any CPU
		{39AE1F34-EA6E-4350-9E43-FF61F1C39261}.Debug|Any CPU.Build.0 = Debug|Any CPU
		{39AE1F34-EA6E-4350-9E43-FF61F1C39261}.Debug|x64.ActiveCfg = Debug|Any CPU
		{39AE1F34-EA6E-4350-9E43-FF61F1C39261}.Debug|x64.Build.0 = Debug|Any CPU
		{39AE1F34-EA6E-4350-9E43-FF61F1C39261}.Debug|x86.ActiveCfg = Debug|Any CPU
		{39AE1F34-EA6E-4350-9E43-FF61F1C39261}.Debug|x86.Build.0 = Debug|Any CPU
		{39AE1F34-EA6E-4350-9E43-FF61F1C39261}.Release|Any CPU.ActiveCfg = Release|Any CPU
		{39AE1F34-EA6E-4350-9E43-FF61F1C39261}.Release|Any CPU.Build.0 = Release|Any CPU
		{39AE1F34-EA6E-4350-9E43-FF61F1C39261}.Release|x64.ActiveCfg = Release|Any CPU
		{39AE1F34-EA6E-4350-9E43-FF61F1C39261}.Release|x64.Build.0 = Release|Any CPU
		{39AE1F34-EA6E-4350-9E43-FF61F1C39261}.Release|x86.ActiveCfg = Release|Any CPU
		{39AE1F34-EA6E-4350-9E43-FF61F1C39261}.Release|x86.Build.0 = Release|Any CPU
		{B0971DE0-A83A-438F-8D03-FF92218F8DDC}.Debug|Any CPU.ActiveCfg = Debug|Any CPU
		{B0971DE0-A83A-438F-8D03-FF92218F8DDC}.Debug|Any CPU.Build.0 = Debug|Any CPU
		{B0971DE0-A83A-438F-8D03-FF92218F8DDC}.Debug|x64.ActiveCfg = Debug|Any CPU
		{B0971DE0-A83A-438F-8D03-FF92218F8DDC}.Debug|x64.Build.0 = Debug|Any CPU
		{B0971DE0-A83A-438F-8D03-FF92218F8DDC}.Debug|x86.ActiveCfg = Debug|Any CPU
		{B0971DE0-A83A-438F-8D03-FF92218F8DDC}.Debug|x86.Build.0 = Debug|Any CPU
		{B0971DE0-A83A-438F-8D03-FF92218F8DDC}.Release|Any CPU.ActiveCfg = Release|Any CPU
		{B0971DE0-A83A-438F-8D03-FF92218F8DDC}.Release|Any CPU.Build.0 = Release|Any CPU
		{B0971DE0-A83A-438F-8D03-FF92218F8DDC}.Release|x64.ActiveCfg = Release|Any CPU
		{B0971DE0-A83A-438F-8D03-FF92218F8DDC}.Release|x64.Build.0 = Release|Any CPU
		{B0971DE0-A83A-438F-8D03-FF92218F8DDC}.Release|x86.ActiveCfg = Release|Any CPU
		{B0971DE0-A83A-438F-8D03-FF92218F8DDC}.Release|x86.Build.0 = Release|Any CPU
		{32EF671D-0D0D-4B6B-A748-136960809289}.Debug|Any CPU.ActiveCfg = Debug|Any CPU
		{32EF671D-0D0D-4B6B-A748-136960809289}.Debug|Any CPU.Build.0 = Debug|Any CPU
		{32EF671D-0D0D-4B6B-A748-136960809289}.Debug|x64.ActiveCfg = Debug|Any CPU
		{32EF671D-0D0D-4B6B-A748-136960809289}.Debug|x64.Build.0 = Debug|Any CPU
		{32EF671D-0D0D-4B6B-A748-136960809289}.Debug|x86.ActiveCfg = Debug|Any CPU
		{32EF671D-0D0D-4B6B-A748-136960809289}.Debug|x86.Build.0 = Debug|Any CPU
		{32EF671D-0D0D-4B6B-A748-136960809289}.Release|Any CPU.ActiveCfg = Release|Any CPU
		{32EF671D-0D0D-4B6B-A748-136960809289}.Release|Any CPU.Build.0 = Release|Any CPU
		{32EF671D-0D0D-4B6B-A748-136960809289}.Release|x64.ActiveCfg = Release|Any CPU
		{32EF671D-0D0D-4B6B-A748-136960809289}.Release|x64.Build.0 = Release|Any CPU
		{32EF671D-0D0D-4B6B-A748-136960809289}.Release|x86.ActiveCfg = Release|Any CPU
		{32EF671D-0D0D-4B6B-A748-136960809289}.Release|x86.Build.0 = Release|Any CPU
		{2F2FFDCA-534D-4A8E-B658-4CD8EE639BFA}.Debug|Any CPU.ActiveCfg = Debug|Any CPU
		{2F2FFDCA-534D-4A8E-B658-4CD8EE639BFA}.Debug|Any CPU.Build.0 = Debug|Any CPU
		{2F2FFDCA-534D-4A8E-B658-4CD8EE639BFA}.Debug|x64.ActiveCfg = Debug|Any CPU
		{2F2FFDCA-534D-4A8E-B658-4CD8EE639BFA}.Debug|x64.Build.0 = Debug|Any CPU
		{2F2FFDCA-534D-4A8E-B658-4CD8EE639BFA}.Debug|x86.ActiveCfg = Debug|Any CPU
		{2F2FFDCA-534D-4A8E-B658-4CD8EE639BFA}.Debug|x86.Build.0 = Debug|Any CPU
		{2F2FFDCA-534D-4A8E-B658-4CD8EE639BFA}.Release|Any CPU.ActiveCfg = Release|Any CPU
		{2F2FFDCA-534D-4A8E-B658-4CD8EE639BFA}.Release|Any CPU.Build.0 = Release|Any CPU
		{2F2FFDCA-534D-4A8E-B658-4CD8EE639BFA}.Release|x64.ActiveCfg = Release|Any CPU
		{2F2FFDCA-534D-4A8E-B658-4CD8EE639BFA}.Release|x64.Build.0 = Release|Any CPU
		{2F2FFDCA-534D-4A8E-B658-4CD8EE639BFA}.Release|x86.ActiveCfg = Release|Any CPU
		{2F2FFDCA-534D-4A8E-B658-4CD8EE639BFA}.Release|x86.Build.0 = Release|Any CPU
		{2CE81FDD-4B4F-461F-853B-701AD6FA70EC}.Debug|Any CPU.ActiveCfg = Debug|Any CPU
		{2CE81FDD-4B4F-461F-853B-701AD6FA70EC}.Debug|Any CPU.Build.0 = Debug|Any CPU
		{2CE81FDD-4B4F-461F-853B-701AD6FA70EC}.Debug|x64.ActiveCfg = Debug|Any CPU
		{2CE81FDD-4B4F-461F-853B-701AD6FA70EC}.Debug|x64.Build.0 = Debug|Any CPU
		{2CE81FDD-4B4F-461F-853B-701AD6FA70EC}.Debug|x86.ActiveCfg = Debug|Any CPU
		{2CE81FDD-4B4F-461F-853B-701AD6FA70EC}.Debug|x86.Build.0 = Debug|Any CPU
		{2CE81FDD-4B4F-461F-853B-701AD6FA70EC}.Release|Any CPU.ActiveCfg = Release|Any CPU
		{2CE81FDD-4B4F-461F-853B-701AD6FA70EC}.Release|Any CPU.Build.0 = Release|Any CPU
		{2CE81FDD-4B4F-461F-853B-701AD6FA70EC}.Release|x64.ActiveCfg = Release|Any CPU
		{2CE81FDD-4B4F-461F-853B-701AD6FA70EC}.Release|x64.Build.0 = Release|Any CPU
		{2CE81FDD-4B4F-461F-853B-701AD6FA70EC}.Release|x86.ActiveCfg = Release|Any CPU
		{2CE81FDD-4B4F-461F-853B-701AD6FA70EC}.Release|x86.Build.0 = Release|Any CPU
		{35AB3355-D058-4A8C-A115-FD7A1660BC99}.Debug|Any CPU.ActiveCfg = Debug|Any CPU
		{35AB3355-D058-4A8C-A115-FD7A1660BC99}.Debug|Any CPU.Build.0 = Debug|Any CPU
		{35AB3355-D058-4A8C-A115-FD7A1660BC99}.Debug|x64.ActiveCfg = Debug|Any CPU
		{35AB3355-D058-4A8C-A115-FD7A1660BC99}.Debug|x64.Build.0 = Debug|Any CPU
		{35AB3355-D058-4A8C-A115-FD7A1660BC99}.Debug|x86.ActiveCfg = Debug|Any CPU
		{35AB3355-D058-4A8C-A115-FD7A1660BC99}.Debug|x86.Build.0 = Debug|Any CPU
		{35AB3355-D058-4A8C-A115-FD7A1660BC99}.Release|Any CPU.ActiveCfg = Release|Any CPU
		{35AB3355-D058-4A8C-A115-FD7A1660BC99}.Release|Any CPU.Build.0 = Release|Any CPU
		{35AB3355-D058-4A8C-A115-FD7A1660BC99}.Release|x64.ActiveCfg = Release|Any CPU
		{35AB3355-D058-4A8C-A115-FD7A1660BC99}.Release|x64.Build.0 = Release|Any CPU
		{35AB3355-D058-4A8C-A115-FD7A1660BC99}.Release|x86.ActiveCfg = Release|Any CPU
		{35AB3355-D058-4A8C-A115-FD7A1660BC99}.Release|x86.Build.0 = Release|Any CPU
		{428D336E-F479-4955-931C-A37BF6950844}.Debug|Any CPU.ActiveCfg = Debug|Any CPU
		{428D336E-F479-4955-931C-A37BF6950844}.Debug|Any CPU.Build.0 = Debug|Any CPU
		{428D336E-F479-4955-931C-A37BF6950844}.Debug|x64.ActiveCfg = Debug|Any CPU
		{428D336E-F479-4955-931C-A37BF6950844}.Debug|x64.Build.0 = Debug|Any CPU
		{428D336E-F479-4955-931C-A37BF6950844}.Debug|x86.ActiveCfg = Debug|Any CPU
		{428D336E-F479-4955-931C-A37BF6950844}.Debug|x86.Build.0 = Debug|Any CPU
		{428D336E-F479-4955-931C-A37BF6950844}.Release|Any CPU.ActiveCfg = Release|Any CPU
		{428D336E-F479-4955-931C-A37BF6950844}.Release|Any CPU.Build.0 = Release|Any CPU
		{428D336E-F479-4955-931C-A37BF6950844}.Release|x64.ActiveCfg = Release|Any CPU
		{428D336E-F479-4955-931C-A37BF6950844}.Release|x64.Build.0 = Release|Any CPU
		{428D336E-F479-4955-931C-A37BF6950844}.Release|x86.ActiveCfg = Release|Any CPU
		{428D336E-F479-4955-931C-A37BF6950844}.Release|x86.Build.0 = Release|Any CPU
		{A2C31F0C-12E3-40ED-BEC3-D0782211E364}.Debug|Any CPU.ActiveCfg = Debug|Any CPU
		{A2C31F0C-12E3-40ED-BEC3-D0782211E364}.Debug|Any CPU.Build.0 = Debug|Any CPU
		{A2C31F0C-12E3-40ED-BEC3-D0782211E364}.Debug|x64.ActiveCfg = Debug|Any CPU
		{A2C31F0C-12E3-40ED-BEC3-D0782211E364}.Debug|x64.Build.0 = Debug|Any CPU
		{A2C31F0C-12E3-40ED-BEC3-D0782211E364}.Debug|x86.ActiveCfg = Debug|Any CPU
		{A2C31F0C-12E3-40ED-BEC3-D0782211E364}.Debug|x86.Build.0 = Debug|Any CPU
		{A2C31F0C-12E3-40ED-BEC3-D0782211E364}.Release|Any CPU.ActiveCfg = Release|Any CPU
		{A2C31F0C-12E3-40ED-BEC3-D0782211E364}.Release|Any CPU.Build.0 = Release|Any CPU
		{A2C31F0C-12E3-40ED-BEC3-D0782211E364}.Release|x64.ActiveCfg = Release|Any CPU
		{A2C31F0C-12E3-40ED-BEC3-D0782211E364}.Release|x64.Build.0 = Release|Any CPU
		{A2C31F0C-12E3-40ED-BEC3-D0782211E364}.Release|x86.ActiveCfg = Release|Any CPU
		{A2C31F0C-12E3-40ED-BEC3-D0782211E364}.Release|x86.Build.0 = Release|Any CPU
		{93CDCAC6-FB6E-4BAA-A7BF-7AC3399F6574}.Debug|Any CPU.ActiveCfg = Debug|Any CPU
		{93CDCAC6-FB6E-4BAA-A7BF-7AC3399F6574}.Debug|Any CPU.Build.0 = Debug|Any CPU
		{93CDCAC6-FB6E-4BAA-A7BF-7AC3399F6574}.Debug|x64.ActiveCfg = Debug|Any CPU
		{93CDCAC6-FB6E-4BAA-A7BF-7AC3399F6574}.Debug|x64.Build.0 = Debug|Any CPU
		{93CDCAC6-FB6E-4BAA-A7BF-7AC3399F6574}.Debug|x86.ActiveCfg = Debug|Any CPU
		{93CDCAC6-FB6E-4BAA-A7BF-7AC3399F6574}.Debug|x86.Build.0 = Debug|Any CPU
		{93CDCAC6-FB6E-4BAA-A7BF-7AC3399F6574}.Release|Any CPU.ActiveCfg = Release|Any CPU
		{93CDCAC6-FB6E-4BAA-A7BF-7AC3399F6574}.Release|Any CPU.Build.0 = Release|Any CPU
		{93CDCAC6-FB6E-4BAA-A7BF-7AC3399F6574}.Release|x64.ActiveCfg = Release|Any CPU
		{93CDCAC6-FB6E-4BAA-A7BF-7AC3399F6574}.Release|x64.Build.0 = Release|Any CPU
		{93CDCAC6-FB6E-4BAA-A7BF-7AC3399F6574}.Release|x86.ActiveCfg = Release|Any CPU
		{93CDCAC6-FB6E-4BAA-A7BF-7AC3399F6574}.Release|x86.Build.0 = Release|Any CPU
		{85563551-5737-4A1D-B854-B334DB0A703E}.Debug|Any CPU.ActiveCfg = Debug|Any CPU
		{85563551-5737-4A1D-B854-B334DB0A703E}.Debug|Any CPU.Build.0 = Debug|Any CPU
		{85563551-5737-4A1D-B854-B334DB0A703E}.Debug|x64.ActiveCfg = Debug|Any CPU
		{85563551-5737-4A1D-B854-B334DB0A703E}.Debug|x64.Build.0 = Debug|Any CPU
		{85563551-5737-4A1D-B854-B334DB0A703E}.Debug|x86.ActiveCfg = Debug|Any CPU
		{85563551-5737-4A1D-B854-B334DB0A703E}.Debug|x86.Build.0 = Debug|Any CPU
		{85563551-5737-4A1D-B854-B334DB0A703E}.Release|Any CPU.ActiveCfg = Release|Any CPU
		{85563551-5737-4A1D-B854-B334DB0A703E}.Release|Any CPU.Build.0 = Release|Any CPU
		{85563551-5737-4A1D-B854-B334DB0A703E}.Release|x64.ActiveCfg = Release|Any CPU
		{85563551-5737-4A1D-B854-B334DB0A703E}.Release|x64.Build.0 = Release|Any CPU
		{85563551-5737-4A1D-B854-B334DB0A703E}.Release|x86.ActiveCfg = Release|Any CPU
		{85563551-5737-4A1D-B854-B334DB0A703E}.Release|x86.Build.0 = Release|Any CPU
		{1DF36E32-42CC-40F7-AD6B-611C26B04377}.Debug|Any CPU.ActiveCfg = Debug|Any CPU
		{1DF36E32-42CC-40F7-AD6B-611C26B04377}.Debug|Any CPU.Build.0 = Debug|Any CPU
		{1DF36E32-42CC-40F7-AD6B-611C26B04377}.Debug|x64.ActiveCfg = Debug|Any CPU
		{1DF36E32-42CC-40F7-AD6B-611C26B04377}.Debug|x64.Build.0 = Debug|Any CPU
		{1DF36E32-42CC-40F7-AD6B-611C26B04377}.Debug|x86.ActiveCfg = Debug|Any CPU
		{1DF36E32-42CC-40F7-AD6B-611C26B04377}.Debug|x86.Build.0 = Debug|Any CPU
		{1DF36E32-42CC-40F7-AD6B-611C26B04377}.Release|Any CPU.ActiveCfg = Release|Any CPU
		{1DF36E32-42CC-40F7-AD6B-611C26B04377}.Release|Any CPU.Build.0 = Release|Any CPU
		{1DF36E32-42CC-40F7-AD6B-611C26B04377}.Release|x64.ActiveCfg = Release|Any CPU
		{1DF36E32-42CC-40F7-AD6B-611C26B04377}.Release|x64.Build.0 = Release|Any CPU
		{1DF36E32-42CC-40F7-AD6B-611C26B04377}.Release|x86.ActiveCfg = Release|Any CPU
		{1DF36E32-42CC-40F7-AD6B-611C26B04377}.Release|x86.Build.0 = Release|Any CPU
		{C10C3C62-1EC0-41DE-A297-DCA1BA4E5024}.Debug|Any CPU.ActiveCfg = Debug|Any CPU
		{C10C3C62-1EC0-41DE-A297-DCA1BA4E5024}.Debug|Any CPU.Build.0 = Debug|Any CPU
		{C10C3C62-1EC0-41DE-A297-DCA1BA4E5024}.Debug|x64.ActiveCfg = Debug|Any CPU
		{C10C3C62-1EC0-41DE-A297-DCA1BA4E5024}.Debug|x64.Build.0 = Debug|Any CPU
		{C10C3C62-1EC0-41DE-A297-DCA1BA4E5024}.Debug|x86.ActiveCfg = Debug|Any CPU
		{C10C3C62-1EC0-41DE-A297-DCA1BA4E5024}.Debug|x86.Build.0 = Debug|Any CPU
		{C10C3C62-1EC0-41DE-A297-DCA1BA4E5024}.Release|Any CPU.ActiveCfg = Release|Any CPU
		{C10C3C62-1EC0-41DE-A297-DCA1BA4E5024}.Release|Any CPU.Build.0 = Release|Any CPU
		{C10C3C62-1EC0-41DE-A297-DCA1BA4E5024}.Release|x64.ActiveCfg = Release|Any CPU
		{C10C3C62-1EC0-41DE-A297-DCA1BA4E5024}.Release|x64.Build.0 = Release|Any CPU
		{C10C3C62-1EC0-41DE-A297-DCA1BA4E5024}.Release|x86.ActiveCfg = Release|Any CPU
		{C10C3C62-1EC0-41DE-A297-DCA1BA4E5024}.Release|x86.Build.0 = Release|Any CPU
	EndGlobalSection
	GlobalSection(SolutionProperties) = preSolution
		HideSolutionNode = FALSE
	EndGlobalSection
	GlobalSection(NestedProjects) = preSolution
		{C8E42992-5E42-0C2B-DBFE-AA848D06431C} = {827E0CD3-B72D-47B6-A68D-7590B98EB39B}
		{B0971DE0-A83A-438F-8D03-FF92218F8DDC} = {C8E42992-5E42-0C2B-DBFE-AA848D06431C}
		{32EF671D-0D0D-4B6B-A748-136960809289} = {C8E42992-5E42-0C2B-DBFE-AA848D06431C}
		{2F2FFDCA-534D-4A8E-B658-4CD8EE639BFA} = {C8E42992-5E42-0C2B-DBFE-AA848D06431C}
		{2CE81FDD-4B4F-461F-853B-701AD6FA70EC} = {C8E42992-5E42-0C2B-DBFE-AA848D06431C}
		{35AB3355-D058-4A8C-A115-FD7A1660BC99} = {C8E42992-5E42-0C2B-DBFE-AA848D06431C}
		{428D336E-F479-4955-931C-A37BF6950844} = {C8E42992-5E42-0C2B-DBFE-AA848D06431C}
		{A2C31F0C-12E3-40ED-BEC3-D0782211E364} = {C8E42992-5E42-0C2B-DBFE-AA848D06431C}
		{93CDCAC6-FB6E-4BAA-A7BF-7AC3399F6574} = {C8E42992-5E42-0C2B-DBFE-AA848D06431C}
		{85563551-5737-4A1D-B854-B334DB0A703E} = {C8E42992-5E42-0C2B-DBFE-AA848D06431C}
		{1DF36E32-42CC-40F7-AD6B-611C26B04377} = {C8E42992-5E42-0C2B-DBFE-AA848D06431C}
		{C10C3C62-1EC0-41DE-A297-DCA1BA4E5024} = {C8E42992-5E42-0C2B-DBFE-AA848D06431C}
	EndGlobalSection
EndGlobal
